
Microsoft Visual Studio Solution File, Format Version 12.00
# Visual Studio 2015
Project("{FAE04EC0-301F-11D3-BF4B-00C04F79EFBC}") = "Um dia Como os outros - GAME", "Um dia Como os outros - GAME.csproj", "{628639AA-8AF0-3164-7060-471B5EB010C2}"
EndProject
Global
	GlobalSection(SolutionConfigurationPlatforms) = preSolution
		Debug|Any CPU = Debug|Any CPU
		Release|Any CPU = Release|Any CPU
	EndGlobalSection
	GlobalSection(ProjectConfigurationPlatforms) = postSolution
		{628639AA-8AF0-3164-7060-471B5EB010C2}.Debug|Any CPU.ActiveCfg = Debug|Any CPU
		{628639AA-8AF0-3164-7060-471B5EB010C2}.Debug|Any CPU.Build.0 = Debug|Any CPU
		{628639AA-8AF0-3164-7060-471B5EB010C2}.Release|Any CPU.ActiveCfg = Release|Any CPU
		{628639AA-8AF0-3164-7060-471B5EB010C2}.Release|Any CPU.Build.0 = Release|Any CPU
	EndGlobalSection
	GlobalSection(SolutionProperties) = preSolution
		HideSolutionNode = FALSE
	EndGlobalSection
EndGlobal
